
Microsoft Visual Studio Solution File, Format Version 12.00
# Visual Studio Version 17
VisualStudioVersion = 17.14.37328.6 d17.14
MinimumVisualStudioVersion = 10.0.40219.1
Project("{FAE04EC0-301F-11D3-BF4B-00C04F79EFBC}") = "13_Herencia", "13_Herencia\13_Herencia.csproj", "{75FDDC99-A2BE-4A44-AE30-FF32B58BEC6D}"
EndProject
Global
	GlobalSection(SolutionConfigurationPlatforms) = preSolution
		Debug|Any CPU = Debug|Any CPU
		Release|Any CPU = Release|Any CPU
	EndGlobalSection
	GlobalSection(ProjectConfigurationPlatforms) = postSolution
		{75FDDC99-A2BE-4A44-AE30-FF32B58BEC6D}.Debug|Any CPU.ActiveCfg = Debug|Any CPU
		{75FDDC99-A2BE-4A44-AE30-FF32B58BEC6D}.Debug|Any CPU.Build.0 = Debug|Any CPU
		{75FDDC99-A2BE-4A44-AE30-FF32B58BEC6D}.Release|Any CPU.ActiveCfg = Release|Any CPU
		{75FDDC99-A2BE-4A44-AE30-FF32B58BEC6D}.Release|Any CPU.Build.0 = Release|Any CPU
	EndGlobalSection
	GlobalSection(SolutionProperties) = preSolution
		HideSolutionNode = FALSE
	EndGlobalSection
	GlobalSection(ExtensibilityGlobals) = postSolution
		SolutionGuid = {2DD48FBF-DC5F-4ADA-B782-CA68E5C1001E}
	EndGlobalSection
EndGlobal
