
Microsoft Visual Studio Solution File, Format Version 12.00
# Visual Studio Version 17
VisualStudioVersion = 17.14.37328.6 d17.14
MinimumVisualStudioVersion = 10.0.40219.1
Project("{FAE04EC0-301F-11D3-BF4B-00C04F79EFBC}") = "10_Multiplicidad", "10_Multiplicidad\10_Multiplicidad.csproj", "{7EFBDD4F-80D4-46B1-A493-F8DEB78E2051}"
EndProject
Global
	GlobalSection(SolutionConfigurationPlatforms) = preSolution
		Debug|Any CPU = Debug|Any CPU
		Release|Any CPU = Release|Any CPU
	EndGlobalSection
	GlobalSection(ProjectConfigurationPlatforms) = postSolution
		{7EFBDD4F-80D4-46B1-A493-F8DEB78E2051}.Debug|Any CPU.ActiveCfg = Debug|Any CPU
		{7EFBDD4F-80D4-46B1-A493-F8DEB78E2051}.Debug|Any CPU.Build.0 = Debug|Any CPU
		{7EFBDD4F-80D4-46B1-A493-F8DEB78E2051}.Release|Any CPU.ActiveCfg = Release|Any CPU
		{7EFBDD4F-80D4-46B1-A493-F8DEB78E2051}.Release|Any CPU.Build.0 = Release|Any CPU
	EndGlobalSection
	GlobalSection(SolutionProperties) = preSolution
		HideSolutionNode = FALSE
	EndGlobalSection
	GlobalSection(ExtensibilityGlobals) = postSolution
		SolutionGuid = {5B8AD7C0-B0F0-433C-9713-89700E19E992}
	EndGlobalSection
EndGlobal
