
Microsoft Visual Studio Solution File, Format Version 12.00
# Visual Studio Version 17
VisualStudioVersion = 17.14.37328.6 d17.14
MinimumVisualStudioVersion = 10.0.40219.1
Project("{FAE04EC0-301F-11D3-BF4B-00C04F79EFBC}") = "08_Asociacion_clases", "08_Asociacion_clases\08_Asociacion_clases.csproj", "{145CC2A8-6F23-4427-A7C7-D703065832B6}"
EndProject
Global
	GlobalSection(SolutionConfigurationPlatforms) = preSolution
		Debug|Any CPU = Debug|Any CPU
		Release|Any CPU = Release|Any CPU
	EndGlobalSection
	GlobalSection(ProjectConfigurationPlatforms) = postSolution
		{145CC2A8-6F23-4427-A7C7-D703065832B6}.Debug|Any CPU.ActiveCfg = Debug|Any CPU
		{145CC2A8-6F23-4427-A7C7-D703065832B6}.Debug|Any CPU.Build.0 = Debug|Any CPU
		{145CC2A8-6F23-4427-A7C7-D703065832B6}.Release|Any CPU.ActiveCfg = Release|Any CPU
		{145CC2A8-6F23-4427-A7C7-D703065832B6}.Release|Any CPU.Build.0 = Release|Any CPU
	EndGlobalSection
	GlobalSection(SolutionProperties) = preSolution
		HideSolutionNode = FALSE
	EndGlobalSection
	GlobalSection(ExtensibilityGlobals) = postSolution
		SolutionGuid = {FE5D7225-356B-4EDF-BEAF-D369ADC8BB1A}
	EndGlobalSection
EndGlobal
